
Microsoft Visual Studio Solution File, Format Version 12.00
# Visual Studio Version 17
VisualStudioVersion = 17.5.002.0
MinimumVisualStudioVersion = 10.0.40219.1
Project("{2150E333-8FDC-42A3-9474-1A3956D46DE8}") = "samples", "samples", "{0731F4D6-BFB1-4C52-B32A-4CBBAEBFE897}"
EndProject
Project("{9A19103F-16F7-4668-BE54-9A1E7A4F7556}") = "AsgardeoBlazorServerSample", "samples\AsgardeoBlazorServerSample\AsgardeoBlazorServerSample.csproj", "{9CBA81DD-A1A9-41D4-8B97-36AAABB0125D}"
EndProject
Project("{2150E333-8FDC-42A3-9474-1A3956D46DE8}") = "src", "src", "{9AE85512-8294-47E0-808E-3B1D54C94E49}"
EndProject
Project("{9A19103F-16F7-4668-BE54-9A1E7A4F7556}") = "Asgardeo.AspNetCore.Authenthentication", "src\Asgardeo.AspNetCore.Authenthentication\Asgardeo.AspNetCore.Authenthentication.csproj", "{93B5EFC5-4FE9-4228-BA69-9245983BF2EA}"
EndProject
Global
	GlobalSection(SolutionConfigurationPlatforms) = preSolution
		Debug|Any CPU = Debug|Any CPU
		Release|Any CPU = Release|Any CPU
	EndGlobalSection
	GlobalSection(ProjectConfigurationPlatforms) = postSolution
		{9CBA81DD-A1A9-41D4-8B97-36AAABB0125D}.Debug|Any CPU.ActiveCfg = Debug|Any CPU
		{9CBA81DD-A1A9-41D4-8B97-36AAABB0125D}.Debug|Any CPU.Build.0 = Debug|Any CPU
		{9CBA81DD-A1A9-41D4-8B97-36AAABB0125D}.Release|Any CPU.ActiveCfg = Release|Any CPU
		{9CBA81DD-A1A9-41D4-8B97-36AAABB0125D}.Release|Any CPU.Build.0 = Release|Any CPU
		{93B5EFC5-4FE9-4228-BA69-9245983BF2EA}.Debug|Any CPU.ActiveCfg = Debug|Any CPU
		{93B5EFC5-4FE9-4228-BA69-9245983BF2EA}.Debug|Any CPU.Build.0 = Debug|Any CPU
		{93B5EFC5-4FE9-4228-BA69-9245983BF2EA}.Release|Any CPU.ActiveCfg = Release|Any CPU
		{93B5EFC5-4FE9-4228-BA69-9245983BF2EA}.Release|Any CPU.Build.0 = Release|Any CPU
	EndGlobalSection
	GlobalSection(SolutionProperties) = preSolution
		HideSolutionNode = FALSE
	EndGlobalSection
	GlobalSection(NestedProjects) = preSolution
		{9CBA81DD-A1A9-41D4-8B97-36AAABB0125D} = {0731F4D6-BFB1-4C52-B32A-4CBBAEBFE897}
		{93B5EFC5-4FE9-4228-BA69-9245983BF2EA} = {9AE85512-8294-47E0-808E-3B1D54C94E49}
	EndGlobalSection
	GlobalSection(ExtensibilityGlobals) = postSolution
		SolutionGuid = {ACC7699F-054C-48DE-9BCE-5459DBCFEB2B}
	EndGlobalSection
EndGlobal
