
Microsoft Visual Studio Solution File, Format Version 12.00
# Visual Studio Version 17
VisualStudioVersion = 17.5.002.0
MinimumVisualStudioVersion = 10.0.40219.1
Project("{2150E333-8FDC-42A3-9474-1A3956D46DE8}") = "samples", "samples", "{73D4472B-59A5-4539-BC25-626B0B2959B9}"
EndProject
Project("{9A19103F-16F7-4668-BE54-9A1E7A4F7556}") = "AsgardeoBlazorServerSample", "samples\AsgardeoBlazorServerSample\AsgardeoBlazorServerSample.csproj", "{9EEB8F12-2D26-4EAF-8D13-ECE23978B512}"
EndProject
Project("{2150E333-8FDC-42A3-9474-1A3956D46DE8}") = "src", "src", "{CF87C15D-B446-441F-805B-4EB8ED9DAFB0}"
EndProject
Project("{9A19103F-16F7-4668-BE54-9A1E7A4F7556}") = "Asgardeo.AspNetCore.Authenthentication", "src\Asgardeo.AspNetCore.Authenthentication\Asgardeo.AspNetCore.Authenthentication.csproj", "{20286AC9-7A40-437B-8F61-1DC1056C29AF}"
EndProject
Global
	GlobalSection(SolutionConfigurationPlatforms) = preSolution
		Debug|Any CPU = Debug|Any CPU
		Release|Any CPU = Release|Any CPU
	EndGlobalSection
	GlobalSection(ProjectConfigurationPlatforms) = postSolution
		{9EEB8F12-2D26-4EAF-8D13-ECE23978B512}.Debug|Any CPU.ActiveCfg = Debug|Any CPU
		{9EEB8F12-2D26-4EAF-8D13-ECE23978B512}.Debug|Any CPU.Build.0 = Debug|Any CPU
		{9EEB8F12-2D26-4EAF-8D13-ECE23978B512}.Release|Any CPU.ActiveCfg = Release|Any CPU
		{9EEB8F12-2D26-4EAF-8D13-ECE23978B512}.Release|Any CPU.Build.0 = Release|Any CPU
		{20286AC9-7A40-437B-8F61-1DC1056C29AF}.Debug|Any CPU.ActiveCfg = Debug|Any CPU
		{20286AC9-7A40-437B-8F61-1DC1056C29AF}.Debug|Any CPU.Build.0 = Debug|Any CPU
		{20286AC9-7A40-437B-8F61-1DC1056C29AF}.Release|Any CPU.ActiveCfg = Release|Any CPU
		{20286AC9-7A40-437B-8F61-1DC1056C29AF}.Release|Any CPU.Build.0 = Release|Any CPU
	EndGlobalSection
	GlobalSection(SolutionProperties) = preSolution
		HideSolutionNode = FALSE
	EndGlobalSection
	GlobalSection(NestedProjects) = preSolution
		{9EEB8F12-2D26-4EAF-8D13-ECE23978B512} = {73D4472B-59A5-4539-BC25-626B0B2959B9}
		{20286AC9-7A40-437B-8F61-1DC1056C29AF} = {CF87C15D-B446-441F-805B-4EB8ED9DAFB0}
	EndGlobalSection
	GlobalSection(ExtensibilityGlobals) = postSolution
		SolutionGuid = {ACC7699F-054C-48DE-9BCE-5459DBCFEB2B}
	EndGlobalSection
EndGlobal
